// !$*UTF8*$!
{
	archiveVersion = 1;
	classes = {
	};
	objectVersion = 50;
	objects = {

/* Begin PBXBuildFile section */
		F6813A4A20CE4C020002432C /* AppDelegate.m in Sources */ = {isa = PBXBuildFile; fileRef = F6813A4920CE4C020002432C /* AppDelegate.m */; };
		F6813A4D20CE4C020002432C /* ViewController.m in Sources */ = {isa = PBXBuildFile; fileRef = F6813A4C20CE4C020002432C /* ViewController.m */; };
		F6813A5020CE4C020002432C /* Main.storyboard in Resources */ = {isa = PBXBuildFile; fileRef = F6813A4E20CE4C020002432C /* Main.storyboard */; };
		F6813A5220CE4C040002432C /* Assets.xcassets in Resources */ = {isa = PBXBuildFile; fileRef = F6813A5120CE4C040002432C /* Assets.xcassets */; };
		F6813A5520CE4C040002432C /* LaunchScreen.storyboard in Resources */ = {isa = PBXBuildFile; fileRef = F6813A5320CE4C040002432C /* LaunchScreen.storyboard */; };
		F6813A5820CE4C040002432C /* main.m in Sources */ = {isa = PBXBuildFile; fileRef = F6813A5720CE4C040002432C /* main.m */; };
		F6813A6220CE4C040002432C /* TestTests.m in Sources */ = {isa = PBXBuildFile; fileRef = F6813A6120CE4C040002432C /* TestTests.m */; };
		F6813A6D20CE4C040002432C /* TestUITests.m in Sources */ = {isa = PBXBuildFile; fileRef = F6813A6C20CE4C040002432C /* TestUITests.m */; };
/* End PBXBuildFile section */

/* Begin PBXContainerItemProxy section */
		F6813A5E20CE4C040002432C /* PBXContainerItemProxy */ = {
			isa = PBXContainerItemProxy;
			containerPortal = F6813A3D20CE4C010002432C /* Project object */;
			proxyType = 1;
			remoteGlobalIDString = F6813A4420CE4C010002432C;
			remoteInfo = Test;
		};
		F6813A6920CE4C040002432C /* PBXContainerItemProxy */ = {
			isa = PBXContainerItemProxy;
			containerPortal = F6813A3D20CE4C010002432C /* Project object */;
			proxyType = 1;
			remoteGlobalIDString = F6813A4420CE4C010002432C;
			remoteInfo = Test;
		};
/* End PBXContainerItemProxy section */

/* Begin PBXFileReference section */
		F6813A4520CE4C020002432C /* Test.app */ = {isa = PBXFileReference; explicitFileType = wrapper.application; includeInIndex = 0; path = Test.app; sourceTree = BUILT_PRODUCTS_DIR; };
		F6813A4820CE4C020002432C /* AppDelegate.h */ = {isa = PBXFileReference; lastKnownFileType = sourcecode.c.h; path = AppDelegate.h; sourceTree = "<group>"; };
		F6813A4920CE4C020002432C /* AppDelegate.m */ = {isa = PBXFileReference; lastKnownFileType = sourcecode.c.objc; path = AppDelegate.m; sourceTree = "<group>"; };
		F6813A4B20CE4C020002432C /* ViewController.h */ = {isa = PBXFileReference; lastKnownFileType = sourcecode.c.h; path = ViewController.h; sourceTree = "<group>"; };
		F6813A4C20CE4C020002432C /* ViewController.m */ = {isa = PBXFileReference; lastKnownFileType = sourcecode.c.objc; path = ViewController.m; sourceTree = "<group>"; };
		F6813A4F20CE4C020002432C /* Base */ = {isa = PBXFileReference; lastKnownFileType = file.storyboard; name = Base; path = Base.lproj/Main.storyboard; sourceTree = "<group>"; };
		F6813A5120CE4C040002432C /* Assets.xcassets */ = {isa = PBXFileReference; lastKnownFileType = folder.assetcatalog; path = Assets.xcassets; sourceTree = "<group>"; };
		F6813A5420CE4C040002432C /* Base */ = {isa = PBXFileReference; lastKnownFileType = file.storyboard; name = Base; path = Base.lproj/LaunchScreen.storyboard; sourceTree = "<group>"; };
		F6813A5620CE4C040002432C /* Info.plist */ = {isa = PBXFileReference; lastKnownFileType = text.plist.xml; path = Info.plist; sourceTree = "<group>"; };
		F6813A5720CE4C040002432C /* main.m */ = {isa = PBXFileReference; lastKnownFileType = sourcecode.c.objc; path = main.m; sourceTree = "<group>"; };
		F6813A5D20CE4C040002432C /* TestTests.xctest */ = {isa = PBXFileReference; explicitFileType = wrapper.cfbundle; includeInIndex = 0; path = TestTests.xctest; sourceTree = BUILT_PRODUCTS_DIR; };
		F6813A6120CE4C040002432C /* TestTests.m */ = {isa = PBXFileReference; lastKnownFileType = sourcecode.c.objc; path = TestTests.m; sourceTree = "<group>"; };
		F6813A6320CE4C040002432C /* Info.plist */ = {isa = PBXFileReference; lastKnownFileType = text.plist.xml; path = Info.plist; sourceTree = "<group>"; };
		F6813A6820CE4C040002432C /* TestUITests.xctest */ = {isa = PBXFileReference; explicitFileType = wrapper.cfbundle; includeInIndex = 0; path = TestUITests.xctest; sourceTree = BUILT_PRODUCTS_DIR; };
		F6813A6C20CE4C040002432C /* TestUITests.m */ = {isa = PBXFileReference; lastKnownFileType = sourcecode.c.objc; path = TestUITests.m; sourceTree = "<group>"; };
		F6813A6E20CE4C040002432C /* Info.plist */ = {isa = PBXFileReference; lastKnownFileType = text.plist.xml; path = Info.plist; sourceTree = "<group>"; };
/* End PBXFileReference section */

/* Begin PBXFrameworksBuildPhase section */
		F6813A4220CE4C010002432C /* Frameworks */ = {
			isa = PBXFrameworksBuildPhase;
			buildActionMask = 2147483647;
			files = (
			);
			runOnlyForDeploymentPostprocessing = 0;
		};
		F6813A5A20CE4C040002432C /* Frameworks */ = {
			isa = PBXFrameworksBuildPhase;
			buildActionMask = 2147483647;
			files = (
			);
			runOnlyForDeploymentPostprocessing = 0;
		};
		F6813A6520CE4C040002432C /* Frameworks */ = {
			isa = PBXFrameworksBuildPhase;
			buildActionMask = 2147483647;
			files = (
			);
			runOnlyForDeploymentPostprocessing = 0;
		};
/* End PBXFrameworksBuildPhase section */

/* Begin PBXGroup section */
		F6813A3C20CE4C010002432C = {
			isa = PBXGroup;
			children = (
				F6813A4720CE4C020002432C /* Test */,
				F6813A6020CE4C040002432C /* TestTests */,
				F6813A6B20CE4C040002432C /* TestUITests */,
				F6813A4620CE4C020002432C /* Products */,
			);
			sourceTree = "<group>";
		};
		F6813A4620CE4C020002432C /* Products */ = {
			isa = PBXGroup;
			children = (
				F6813A4520CE4C020002432C /* Test.app */,
				F6813A5D20CE4C040002432C /* TestTests.xctest */,
				F6813A6820CE4C040002432C /* TestUITests.xctest */,
			);
			name = Products;
			sourceTree = "<group>";
		};
		F6813A4720CE4C020002432C /* Test */ = {
			isa = PBXGroup;
			children = (
				F6813A4820CE4C020002432C /* AppDelegate.h */,
				F6813A4920CE4C020002432C /* AppDelegate.m */,
				F6813A4B20CE4C020002432C /* ViewController.h */,
				F6813A4C20CE4C020002432C /* ViewController.m */,
				F6813A4E20CE4C020002432C /* Main.storyboard */,
				F6813A5120CE4C040002432C /* Assets.xcassets */,
				F6813A5320CE4C040002432C /* LaunchScreen.storyboard */,
				F6813A5620CE4C040002432C /* Info.plist */,
				F6813A5720CE4C040002432C /* main.m */,
			);
			path = Test;
			sourceTree = "<group>";
		};
		F6813A6020CE4C040002432C /* TestTests */ = {
			isa = PBXGroup;
			children = (
				F6813A6120CE4C040002432C /* TestTests.m */,
				F6813A6320CE4C040002432C /* Info.plist */,
			);
			path = TestTests;
			sourceTree = "<group>";
		};
		F6813A6B20CE4C040002432C /* TestUITests */ = {
			isa = PBXGroup;
			children = (
				F6813A6C20CE4C040002432C /* TestUITests.m */,
				F6813A6E20CE4C040002432C /* Info.plist */,
			);
			path = TestUITests;
			sourceTree = "<group>";
		};
/* End PBXGroup section */

/* Begin PBXNativeTarget section */
		F6813A4420CE4C010002432C /* Test */ = {
			isa = PBXNativeTarget;
			buildConfigurationList = F6813A7120CE4C040002432C /* Build configuration list for PBXNativeTarget "Test" */;
			buildPhases = (
				F6813A4120CE4C010002432C /* Sources */,
				F6813A4220CE4C010002432C /* Frameworks */,
				F6813A4320CE4C010002432C /* Resources */,
			);
			buildRules = (
			);
			dependencies = (
			);
			name = Test;
			productName = Test;
			productReference = F6813A4520CE4C020002432C /* Test.app */;
			productType = "com.apple.product-type.application";
		};
		F6813A5C20CE4C040002432C /* TestTests */ = {
			isa = PBXNativeTarget;
			buildConfigurationList = F6813A7420CE4C040002432C /* Build configuration list for PBXNativeTarget "TestTests" */;
			buildPhases = (
				F6813A5920CE4C040002432C /* Sources */,
				F6813A5A20CE4C040002432C /* Frameworks */,
				F6813A5B20CE4C040002432C /* Resources */,
			);
			buildRules = (
			);
			dependencies = (
				F6813A5F20CE4C040002432C /* PBXTargetDependency */,
			);
			name = TestTests;
			productName = TestTests;
			productReference = F6813A5D20CE4C040002432C /* TestTests.xctest */;
			productType = "com.apple.product-type.bundle.unit-test";
		};
		F6813A6720CE4C040002432C /* TestUITests */ = {
			isa = PBXNativeTarget;
			buildConfigurationList = F6813A7720CE4C040002432C /* Build configuration list for PBXNativeTarget "TestUITests" */;
			buildPhases = (
				F6813A6420CE4C040002432C /* Sources */,
				F6813A6520CE4C040002432C /* Frameworks */,
				F6813A6620CE4C040002432C /* Resources */,
			);
			buildRules = (
			);
			dependencies = (
				F6813A6A20CE4C040002432C /* PBXTargetDependency */,
			);
			name = TestUITests;
			productName = TestUITests;
			productReference = F6813A6820CE4C040002432C /* TestUITests.xctest */;
			productType = "com.apple.product-type.bundle.ui-testing";
		};
/* End PBXNativeTarget section */

/* Begin PBXProject section */
		F6813A3D20CE4C010002432C /* Project object */ = {
			isa = PBXProject;
			attributes = {
				LastUpgradeCheck = 0930;
				ORGANIZATIONNAME = "Eran Katsav";
				TargetAttributes = {
					F6813A4420CE4C010002432C = {
						CreatedOnToolsVersion = 9.3.1;
					};
					F6813A5C20CE4C040002432C = {
						CreatedOnToolsVersion = 9.3.1;
						TestTargetID = F6813A4420CE4C010002432C;
					};
					F6813A6720CE4C040002432C = {
						CreatedOnToolsVersion = 9.3.1;
						TestTargetID = F6813A4420CE4C010002432C;
					};
				};
			};
			buildConfigurationList = F6813A4020CE4C010002432C /* Build configuration list for PBXProject "Test" */;
			compatibilityVersion = "Xcode 9.3";
			developmentRegion = en;
			hasScannedForEncodings = 0;
			knownRegions = (
				en,
				Base,
			);
			mainGroup = F6813A3C20CE4C010002432C;
			productRefGroup = F6813A4620CE4C020002432C /* Products */;
			projectDirPath = "";
			projectRoot = "";
			targets = (
				F6813A4420CE4C010002432C /* Test */,
				F6813A5C20CE4C040002432C /* TestTests */,
				F6813A6720CE4C040002432C /* TestUITests */,
			);
		};
/* End PBXProject section */

/* Begin PBXResourcesBuildPhase section */
		F6813A4320CE4C010002432C /* Resources */ = {
			isa = PBXResourcesBuildPhase;
			buildActionMask = 2147483647;
			files = (
				F6813A5520CE4C040002432C /* LaunchScreen.storyboard in Resources */,
				F6813A5220CE4C040002432C /* Assets.xcassets in Resources */,
				F6813A5020CE4C020002432C /* Main.storyboard in Resources */,
			);
			runOnlyForDeploymentPostprocessing = 0;
		};
		F6813A5B20CE4C040002432C /* Resources */ = {
			isa = PBXResourcesBuildPhase;
			buildActionMask = 2147483647;
			files = (
			);
			runOnlyForDeploymentPostprocessing = 0;
		};
		F6813A6620CE4C040002432C /* Resources */ = {
			isa = PBXResourcesBuildPhase;
			buildActionMask = 2147483647;
			files = (
			);
			runOnlyForDeploymentPostprocessing = 0;
		};
/* End PBXResourcesBuildPhase section */

/* Begin PBXSourcesBuildPhase section */
		F6813A4120CE4C010002432C /* Sources */ = {
			isa = PBXSourcesBuildPhase;
			buildActionMask = 2147483647;
			files = (
				F6813A4D20CE4C020002432C /* ViewController.m in Sources */,
				F6813A5820CE4C040002432C /* main.m in Sources */,
				F6813A4A20CE4C020002432C /* AppDelegate.m in Sources */,
			);
			runOnlyForDeploymentPostprocessing = 0;
		};
		F6813A5920CE4C040002432C /* Sources */ = {
			isa = PBXSourcesBuildPhase;
			buildActionMask = 2147483647;
			files = (
				F6813A6220CE4C040002432C /* TestTests.m in Sources */,
			);
			runOnlyForDeploymentPostprocessing = 0;
		};
		F6813A6420CE4C040002432C /* Sources */ = {
			isa = PBXSourcesBuildPhase;
			buildActionMask = 2147483647;
			files = (
				F6813A6D20CE4C040002432C /* TestUITests.m in Sources */,
			);
			runOnlyForDeploymentPostprocessing = 0;
		};
/* End PBXSourcesBuildPhase section */

/* Begin PBXTargetDependency section */
		F6813A5F20CE4C040002432C /* PBXTargetDependency */ = {
			isa = PBXTargetDependency;
			target = F6813A4420CE4C010002432C /* Test */;
			targetProxy = F6813A5E20CE4C040002432C /* PBXContainerItemProxy */;
		};
		F6813A6A20CE4C040002432C /* PBXTargetDependency */ = {
			isa = PBXTargetDependency;
			target = F6813A4420CE4C010002432C /* Test */;
			targetProxy = F6813A6920CE4C040002432C /* PBXContainerItemProxy */;
		};
/* End PBXTargetDependency section */

/* Begin PBXVariantGroup section */
		F6813A4E20CE4C020002432C /* Main.storyboard */ = {
			isa = PBXVariantGroup;
			children = (
				F6813A4F20CE4C020002432C /* Base */,
			);
			name = Main.storyboard;
			sourceTree = "<group>";
		};
		F6813A5320CE4C040002432C /* LaunchScreen.storyboard */ = {
			isa = PBXVariantGroup;
			children = (
				F6813A5420CE4C040002432C /* Base */,
			);
			name = LaunchScreen.storyboard;
			sourceTree = "<group>";
		};
/* End PBXVariantGroup section */

/* Begin XCBuildConfiguration section */
		F6813A6F20CE4C040002432C /* Debug */ = {
			isa = XCBuildConfiguration;
			buildSettings = {
				ALWAYS_SEARCH_USER_PATHS = NO;
				CLANG_ANALYZER_NONNULL = YES;
				CLANG_ANALYZER_NUMBER_OBJECT_CONVERSION = YES_AGGRESSIVE;
				CLANG_CXX_LANGUAGE_STANDARD = "gnu++14";
				CLANG_CXX_LIBRARY = "libc++";
				CLANG_ENABLE_MODULES = YES;
				CLANG_ENABLE_OBJC_ARC = YES;
				CLANG_ENABLE_OBJC_WEAK = YES;
				CLANG_WARN_BLOCK_CAPTURE_AUTORELEASING = YES;
				CLANG_WARN_BOOL_CONVERSION = YES;
				CLANG_WARN_COMMA = YES;
				CLANG_WARN_CONSTANT_CONVERSION = YES;
				CLANG_WARN_DEPRECATED_OBJC_IMPLEMENTATIONS = YES;
				CLANG_WARN_DIRECT_OBJC_ISA_USAGE = YES_ERROR;
				CLANG_WARN_DOCUMENTATION_COMMENTS = YES;
				CLANG_WARN_EMPTY_BODY = YES;
				CLANG_WARN_ENUM_CONVERSION = YES;
				CLANG_WARN_INFINITE_RECURSION = YES;
				CLANG_WARN_INT_CONVERSION = YES;
				CLANG_WARN_NON_LITERAL_NULL_CONVERSION = YES;
				CLANG_WARN_OBJC_IMPLICIT_RETAIN_SELF = YES;
				CLANG_WARN_OBJC_LITERAL_CONVERSION = YES;
				CLANG_WARN_OBJC_ROOT_CLASS = YES_ERROR;
				CLANG_WARN_RANGE_LOOP_ANALYSIS = YES;
				CLANG_WARN_STRICT_PROTOTYPES = YES;
				CLANG_WARN_SUSPICIOUS_MOVE = YES;
				CLANG_WARN_UNGUARDED_AVAILABILITY = YES_AGGRESSIVE;
				CLANG_WARN_UNREACHABLE_CODE = YES;
				CLANG_WARN__DUPLICATE_METHOD_MATCH = YES;
				CODE_SIGN_IDENTITY = "iPhone Developer";
				COPY_PHASE_STRIP = NO;
				DEBUG_INFORMATION_FORMAT = dwarf;
				ENABLE_STRICT_OBJC_MSGSEND = YES;
				ENABLE_TESTABILITY = YES;
				GCC_C_LANGUAGE_STANDARD = gnu11;
				GCC_DYNAMIC_NO_PIC = NO;
				GCC_NO_COMMON_BLOCKS = YES;
				GCC_OPTIMIZATION_LEVEL = 0;
				GCC_PREPROCESSOR_DEFINITIONS = (
					"DEBUG=1",
					"$(inherited)",
				);
				GCC_WARN_64_TO_32_BIT_CONVERSION = YES;
				GCC_WARN_ABOUT_RETURN_TYPE = YES_ERROR;
				GCC_WARN_UNDECLARED_SELECTOR = YES;
				GCC_WARN_UNINITIALIZED_AUTOS = YES_AGGRESSIVE;
				GCC_WARN_UNUSED_FUNCTION = YES;
				GCC_WARN_UNUSED_VARIABLE = YES;
				IPHONEOS_DEPLOYMENT_TARGET = 11.3;
				MTL_ENABLE_DEBUG_INFO = YES;
				ONLY_ACTIVE_ARCH = YES;
				SDKROOT = iphoneos;
			};
			name = Debug;
		};
		F6813A7020CE4C040002432C /* Release */ = {
			isa = XCBuildConfiguration;
			buildSettings = {
				ALWAYS_SEARCH_USER_PATHS = NO;
				CLANG_ANALYZER_NONNULL = YES;
				CLANG_ANALYZER_NUMBER_OBJECT_CONVERSION = YES_AGGRESSIVE;
				CLANG_CXX_LANGUAGE_STANDARD = "gnu++14";
				CLANG_CXX_LIBRARY = "libc++";
				CLANG_ENABLE_MODULES = YES;
				CLANG_ENABLE_OBJC_ARC = YES;
				CLANG_ENABLE_OBJC_WEAK = YES;
				CLANG_WARN_BLOCK_CAPTURE_AUTORELEASING = YES;
				CLANG_WARN_BOOL_CONVERSION = YES;
				CLANG_WARN_COMMA = YES;
				CLANG_WARN_CONSTANT_CONVERSION = YES;
				CLANG_WARN_DEPRECATED_OBJC_IMPLEMENTATIONS = YES;
				CLANG_WARN_DIRECT_OBJC_ISA_USAGE = YES_ERROR;
				CLANG_WARN_DOCUMENTATION_COMMENTS = YES;
				CLANG_WARN_EMPTY_BODY = YES;
				CLANG_WARN_ENUM_CONVERSION = YES;
				CLANG_WARN_INFINITE_RECURSION = YES;
				CLANG_WARN_INT_CONVERSION = YES;
				CLANG_WARN_NON_LITERAL_NULL_CONVERSION = YES;
				CLANG_WARN_OBJC_IMPLICIT_RETAIN_SELF = YES;
				CLANG_WARN_OBJC_LITERAL_CONVERSION = YES;
				CLANG_WARN_OBJC_ROOT_CLASS = YES_ERROR;
				CLANG_WARN_RANGE_LOOP_ANALYSIS = YES;
				CLANG_WARN_STRICT_PROTOTYPES = YES;
				CLANG_WARN_SUSPICIOUS_MOVE = YES;
				CLANG_WARN_UNGUARDED_AVAILABILITY = YES_AGGRESSIVE;
				CLANG_WARN_UNREACHABLE_CODE = YES;
				CLANG_WARN__DUPLICATE_METHOD_MATCH = YES;
				CODE_SIGN_IDENTITY = "iPhone Developer";
				COPY_PHASE_STRIP = NO;
				DEBUG_INFORMATION_FORMAT = "dwarf-with-dsym";
				ENABLE_NS_ASSERTIONS = NO;
				ENABLE_STRICT_OBJC_MSGSEND = YES;
				GCC_C_LANGUAGE_STANDARD = gnu11;
				GCC_NO_COMMON_BLOCKS = YES;
				GCC_WARN_64_TO_32_BIT_CONVERSION = YES;
				GCC_WARN_ABOUT_RETURN_TYPE = YES_ERROR;
				GCC_WARN_UNDECLARED_SELECTOR = YES;
				GCC_WARN_UNINITIALIZED_AUTOS = YES_AGGRESSIVE;
				GCC_WARN_UNUSED_FUNCTION = YES;
				GCC_WARN_UNUSED_VARIABLE = YES;
				IPHONEOS_DEPLOYMENT_TARGET = 11.3;
				MTL_ENABLE_DEBUG_INFO = NO;
				SDKROOT = iphoneos;
				VALIDATE_PRODUCT = YES;
			};
			name = Release;
		};
		F6813A7220CE4C040002432C /* Debug */ = {
			isa = XCBuildConfiguration;
			buildSettings = {
				ASSETCATALOG_COMPILER_APPICON_NAME = AppIcon;
				CODE_SIGN_STYLE = Automatic;
				INFOPLIST_FILE = Test/Info.plist;
				LD_RUNPATH_SEARCH_PATHS = (
					"$(inherited)",
					"@executable_path/Frameworks",
				);
				PRODUCT_BUNDLE_IDENTIFIER = il.org.syntax.Test;
				PRODUCT_NAME = "$(TARGET_NAME)";
				TARGETED_DEVICE_FAMILY = "1,2";
			};
			name = Debug;
		};
		F6813A7320CE4C040002432C /* Release */ = {
			isa = XCBuildConfiguration;
			buildSettings = {
				ASSETCATALOG_COMPILER_APPICON_NAME = AppIcon;
				CODE_SIGN_STYLE = Automatic;
				INFOPLIST_FILE = Test/Info.plist;
				LD_RUNPATH_SEARCH_PATHS = (
					"$(inherited)",
					"@executable_path/Frameworks",
				);
				PRODUCT_BUNDLE_IDENTIFIER = il.org.syntax.Test;
				PRODUCT_NAME = "$(TARGET_NAME)";
				TARGETED_DEVICE_FAMILY = "1,2";
			};
			name = Release;
		};
		F6813A7520CE4C040002432C /* Debug */ = {
			isa = XCBuildConfiguration;
			buildSettings = {
				BUNDLE_LOADER = "$(TEST_HOST)";
				CODE_SIGN_STYLE = Automatic;
				INFOPLIST_FILE = TestTests/Info.plist;
				LD_RUNPATH_SEARCH_PATHS = (
					"$(inherited)",
					"@executable_path/Frameworks",
					"@loader_path/Frameworks",
				);
				PRODUCT_BUNDLE_IDENTIFIER = il.org.syntax.TestTests;
				PRODUCT_NAME = "$(TARGET_NAME)";
				TARGETED_DEVICE_FAMILY = "1,2";
				TEST_HOST = "$(BUILT_PRODUCTS_DIR)/Test.app/Test";
			};
			name = Debug;
		};
		F6813A7620CE4C040002432C /* Release */ = {
			isa = XCBuildConfiguration;
			buildSettings = {
				BUNDLE_LOADER = "$(TEST_HOST)";
				CODE_SIGN_STYLE = Automatic;
				INFOPLIST_FILE = TestTests/Info.plist;
				LD_RUNPATH_SEARCH_PATHS = (
					"$(inherited)",
					"@executable_path/Frameworks",
					"@loader_path/Frameworks",
				);
				PRODUCT_BUNDLE_IDENTIFIER = il.org.syntax.TestTests;
				PRODUCT_NAME = "$(TARGET_NAME)";
				TARGETED_DEVICE_FAMILY = "1,2";
				TEST_HOST = "$(BUILT_PRODUCTS_DIR)/Test.app/Test";
			};
			name = Release;
		};
		F6813A7820CE4C040002432C /* Debug */ = {
			isa = XCBuildConfiguration;
			buildSettings = {
				CODE_SIGN_STYLE = Automatic;
				INFOPLIST_FILE = TestUITests/Info.plist;
				LD_RUNPATH_SEARCH_PATHS = (
					"$(inherited)",
					"@executable_path/Frameworks",
					"@loader_path/Frameworks",
				);
				PRODUCT_BUNDLE_IDENTIFIER = il.org.syntax.TestUITests;
				PRODUCT_NAME = "$(TARGET_NAME)";
				TARGETED_DEVICE_FAMILY = "1,2";
				TEST_TARGET_NAME = Test;
			};
			name = Debug;
		};
		F6813A7920CE4C040002432C /* Release */ = {
			isa = XCBuildConfiguration;
			buildSettings = {
				CODE_SIGN_STYLE = Automatic;
				INFOPLIST_FILE = TestUITests/Info.plist;
				LD_RUNPATH_SEARCH_PATHS = (
					"$(inherited)",
					"@executable_path/Frameworks",
					"@loader_path/Frameworks",
				);
				PRODUCT_BUNDLE_IDENTIFIER = il.org.syntax.TestUITests;
				PRODUCT_NAME = "$(TARGET_NAME)";
				TARGETED_DEVICE_FAMILY = "1,2";
				TEST_TARGET_NAME = Test;
			};
			name = Release;
		};
/* End XCBuildConfiguration section */

/* Begin XCConfigurationList section */
		F6813A4020CE4C010002432C /* Build configuration list for PBXProject "Test" */ = {
			isa = XCConfigurationList;
			buildConfigurations = (
				F6813A6F20CE4C040002432C /* Debug */,
				F6813A7020CE4C040002432C /* Release */,
			);
			defaultConfigurationIsVisible = 0;
			defaultConfigurationName = Release;
		};
		F6813A7120CE4C040002432C /* Build configuration list for PBXNativeTarget "Test" */ = {
			isa = XCConfigurationList;
			buildConfigurations = (
				F6813A7220CE4C040002432C /* Debug */,
				F6813A7320CE4C040002432C /* Release */,
			);
			defaultConfigurationIsVisible = 0;
			defaultConfigurationName = Release;
		};
		F6813A7420CE4C040002432C /* Build configuration list for PBXNativeTarget "TestTests" */ = {
			isa = XCConfigurationList;
			buildConfigurations = (
				F6813A7520CE4C040002432C /* Debug */,
				F6813A7620CE4C040002432C /* Release */,
			);
			defaultConfigurationIsVisible = 0;
			defaultConfigurationName = Release;
		};
		F6813A7720CE4C040002432C /* Build configuration list for PBXNativeTarget "TestUITests" */ = {
			isa = XCConfigurationList;
			buildConfigurations = (
				F6813A7820CE4C040002432C /* Debug */,
				F6813A7920CE4C040002432C /* Release */,
			);
			defaultConfigurationIsVisible = 0;
			defaultConfigurationName = Release;
		};
/* End XCConfigurationList section */
	};
	rootObject = F6813A3D20CE4C010002432C /* Project object */;
}
